
Microsoft Visual Studio Solution File, Format Version 12.00
Project("{FAE04EC0-301F-11D3-BF4B-00C04F79EFBC}") = "LibExec.Network", "LibExec.Network\LibExec.Network.csproj", "{A4BB6D96-5B05-494F-85C6-5F379815E05C}"
EndProject
Project("{FAE04EC0-301F-11D3-BF4B-00C04F79EFBC}") = "CodeGenerator", "CodeGenerator\CodeGenerator.csproj", "{A537E9E2-F00D-4DD0-9C92-8022BE6A0592}"
EndProject
Project("{FAE04EC0-301F-11D3-BF4B-00C04F79EFBC}") = "Sandbox", "Sandbox\Sandbox.csproj", "{4DEBD19A-E15D-4B71-A790-A2FF1C2230E9}"
EndProject
Project("{FAE04EC0-301F-11D3-BF4B-00C04F79EFBC}") = "LibExec.MonoGame", "LibExec.MonoGame\LibExec.MonoGame.csproj", "{B6A06B6E-371C-4516-81E8-FD1471684F04}"
EndProject
Global
	GlobalSection(SolutionConfigurationPlatforms) = preSolution
		Debug|Any CPU = Debug|Any CPU
		Release|Any CPU = Release|Any CPU
	EndGlobalSection
	GlobalSection(ProjectConfigurationPlatforms) = postSolution
		{A4BB6D96-5B05-494F-85C6-5F379815E05C}.Debug|Any CPU.ActiveCfg = Debug|Any CPU
		{A4BB6D96-5B05-494F-85C6-5F379815E05C}.Debug|Any CPU.Build.0 = Debug|Any CPU
		{A4BB6D96-5B05-494F-85C6-5F379815E05C}.Release|Any CPU.ActiveCfg = Release|Any CPU
		{A4BB6D96-5B05-494F-85C6-5F379815E05C}.Release|Any CPU.Build.0 = Release|Any CPU
		{A537E9E2-F00D-4DD0-9C92-8022BE6A0592}.Release|Any CPU.ActiveCfg = Release|Any CPU
		{A537E9E2-F00D-4DD0-9C92-8022BE6A0592}.Release|Any CPU.Build.0 = Release|Any CPU
		{A537E9E2-F00D-4DD0-9C92-8022BE6A0592}.Debug|Any CPU.ActiveCfg = Release|Any CPU
		{A537E9E2-F00D-4DD0-9C92-8022BE6A0592}.Debug|Any CPU.Build.0 = Release|Any CPU
		{4DEBD19A-E15D-4B71-A790-A2FF1C2230E9}.Debug|Any CPU.ActiveCfg = Debug|Any CPU
		{4DEBD19A-E15D-4B71-A790-A2FF1C2230E9}.Debug|Any CPU.Build.0 = Debug|Any CPU
		{4DEBD19A-E15D-4B71-A790-A2FF1C2230E9}.Release|Any CPU.ActiveCfg = Release|Any CPU
		{4DEBD19A-E15D-4B71-A790-A2FF1C2230E9}.Release|Any CPU.Build.0 = Release|Any CPU
		{B6A06B6E-371C-4516-81E8-FD1471684F04}.Debug|Any CPU.ActiveCfg = Debug|Any CPU
		{B6A06B6E-371C-4516-81E8-FD1471684F04}.Debug|Any CPU.Build.0 = Debug|Any CPU
		{B6A06B6E-371C-4516-81E8-FD1471684F04}.Release|Any CPU.ActiveCfg = Release|Any CPU
		{B6A06B6E-371C-4516-81E8-FD1471684F04}.Release|Any CPU.Build.0 = Release|Any CPU
	EndGlobalSection
EndGlobal
